
Microsoft Visual Studio Solution File, Format Version 12.00
# Visual Studio Version 16
VisualStudioVersion = 25.0.1705.4
MinimumVisualStudioVersion = 10.0.40219.1
Project("{FAE04EC0-301F-11D3-BF4B-00C04F79EFBC}") = "CodeChallenge", "CodeChallenge\CodeChallenge.csproj", "{7E1FE483-799F-4C3C-9D2D-BD4418EC6341}"
EndProject
Project("{FAE04EC0-301F-11D3-BF4B-00C04F79EFBC}") = "LicensePlateAnalyzer", "LicensePlateAnalyzer\LicensePlateAnalyzer.csproj", "{DFEE3EF9-5D3B-447F-A66F-EC41720B0180}"
EndProject
Global
	GlobalSection(SolutionConfigurationPlatforms) = preSolution
		Debug|Any CPU = Debug|Any CPU
		Release|Any CPU = Release|Any CPU
	EndGlobalSection
	GlobalSection(ProjectConfigurationPlatforms) = postSolution
		{7E1FE483-799F-4C3C-9D2D-BD4418EC6341}.Debug|Any CPU.ActiveCfg = Debug|Any CPU
		{7E1FE483-799F-4C3C-9D2D-BD4418EC6341}.Debug|Any CPU.Build.0 = Debug|Any CPU
		{7E1FE483-799F-4C3C-9D2D-BD4418EC6341}.Release|Any CPU.ActiveCfg = Release|Any CPU
		{7E1FE483-799F-4C3C-9D2D-BD4418EC6341}.Release|Any CPU.Build.0 = Release|Any CPU
		{DFEE3EF9-5D3B-447F-A66F-EC41720B0180}.Debug|Any CPU.ActiveCfg = Debug|Any CPU
		{DFEE3EF9-5D3B-447F-A66F-EC41720B0180}.Debug|Any CPU.Build.0 = Debug|Any CPU
		{DFEE3EF9-5D3B-447F-A66F-EC41720B0180}.Release|Any CPU.ActiveCfg = Release|Any CPU
		{DFEE3EF9-5D3B-447F-A66F-EC41720B0180}.Release|Any CPU.Build.0 = Release|Any CPU
	EndGlobalSection
	GlobalSection(SolutionProperties) = preSolution
		HideSolutionNode = FALSE
	EndGlobalSection
	GlobalSection(ExtensibilityGlobals) = postSolution
		SolutionGuid = {0EEB8259-614B-417C-BDC5-26D74B050308}
	EndGlobalSection
EndGlobal
